{
  "name": "QuizTestApp",
  "lockfileVersion": 2,
  "requires": true,
  "packages": {
    "": {
      "dependencies": {
        "chart.js": "^3.6.1",
        "react-chartjs-2": "^4.0.0",
        "react-facebook-login": "^4.1.1"
      }
    },
    "node_modules/chart.js": {
      "version": "3.6.1",
      "resolved": "https://registry.npmjs.org/chart.js/-/chart.js-3.6.1.tgz",
      "integrity": "sha512-AycnixR0I325Fp3bqQ7wRJbkIJPwz/9IZtUBvdBWMjK5+nKCy6FZ3VejkDTtB9udePEXNt1UYoGTsNL49JoIbg==",
      "license": "MIT"
    },
    "node_modules/react-chartjs-2": {
      "version": "4.0.0",
      "resolved": "https://registry.npmjs.org/react-chartjs-2/-/react-chartjs-2-4.0.0.tgz",
      "integrity": "sha512-0kx41EVO6wIoeU6zvdwovX9kKcdrs7O62DGTSNmwAXZeLGJ3U+n4XijO1kxcMmAi4I6PQJWGD5oRwxVixHSp6g==",
      "license": "MIT",
      "peerDependencies": {
        "chart.js": "^3.5.0",
        "react": "^16.8.0 || ^17.0.0"
      }
    },
    "node_modules/react-facebook-login": {
      "version": "4.1.1",
      "resolved": "https://registry.npmjs.org/react-facebook-login/-/react-facebook-login-4.1.1.tgz",
      "integrity": "sha512-COnHEHlYGTKipz4963safFAK9PaNTcCiXfPXMS/yxo8El+/AJL5ye8kMJf23lKSSGGPgqFQuInskIHVqGqTvSw==",
      "peerDependencies": {
        "react": "^16.0.0"
      }
    }
  },
  "dependencies": {
    "chart.js": {
      "version": "3.6.1",
      "resolved": "https://registry.npmjs.org/chart.js/-/chart.js-3.6.1.tgz",
      "integrity": "sha512-AycnixR0I325Fp3bqQ7wRJbkIJPwz/9IZtUBvdBWMjK5+nKCy6FZ3VejkDTtB9udePEXNt1UYoGTsNL49JoIbg=="
    },
    "react-chartjs-2": {
      "version": "4.0.0",
      "resolved": "https://registry.npmjs.org/react-chartjs-2/-/react-chartjs-2-4.0.0.tgz",
      "integrity": "sha512-0kx41EVO6wIoeU6zvdwovX9kKcdrs7O62DGTSNmwAXZeLGJ3U+n4XijO1kxcMmAi4I6PQJWGD5oRwxVixHSp6g=="
    },
    "react-facebook-login": {
      "version": "4.1.1",
      "resolved": "https://registry.npmjs.org/react-facebook-login/-/react-facebook-login-4.1.1.tgz",
      "integrity": "sha512-COnHEHlYGTKipz4963safFAK9PaNTcCiXfPXMS/yxo8El+/AJL5ye8kMJf23lKSSGGPgqFQuInskIHVqGqTvSw=="
    }
  }
}
