# THIS IS AN AUTOGENERATED FILE. DO NOT EDIT THIS FILE DIRECTLY.
# yarn lockfile v1


chart.js@^3.6.1:
  version "3.6.1"
  resolved "https://registry.yarnpkg.com/chart.js/-/chart.js-3.6.1.tgz#edcb6584b8d810306f655f89538c00a4f440c58e"
  integrity sha512-AycnixR0I325Fp3bqQ7wRJbkIJPwz/9IZtUBvdBWMjK5+nKCy6FZ3VejkDTtB9udePEXNt1UYoGTsNL49JoIbg==

react-chartjs-2@^4.0.0:
  version "4.0.0"
  resolved "https://registry.yarnpkg.com/react-chartjs-2/-/react-chartjs-2-4.0.0.tgz#a79919c9efe5381b8cb5abfd0ac7a56c9736cdb8"
  integrity sha512-0kx41EVO6wIoeU6zvdwovX9kKcdrs7O62DGTSNmwAXZeLGJ3U+n4XijO1kxcMmAi4I6PQJWGD5oRwxVixHSp6g==
